---
# GENERATED by scripts/gen-oui.py --refresh — DO NOT hand-edit. The OUI vendor-lookup pin: the IEEE
# MA-L/MA-M/MA-S registries reduced to prefix->vendor (registrant addresses DROPPED), frozen so
# gen-oui.py --check validates it OFFLINE (BRICK-1). Re-derive with --refresh (network, operator-run);
# the diff on oui-lookup.generated.json is the reviewable churn. Display-only (SECURITY C18 F8).
schema: 1
sources:
  - "https://standards-oui.ieee.org/oui/oui.csv"
  - "https://standards-oui.ieee.org/oui28/mam.csv"
  - "https://standards-oui.ieee.org/oui36/oui36.csv"
content_sha256: "sha256:51eac4fb5cfffb23fbb92395fef079f0d654ac6ff60e26a2add92291a7ddec09"
prefix_count: 53231
generated_at: "2026-07-04"
