---
# GENERATED by scripts/gen-code-manifest.py — DO NOT hand-edit. Run the generator to refresh.
# M6 "L2b for code" (phase-b synthesis §3): the recorded sha256 floor for the baked importable package
# scripts/kontroll/ — the code the network services run from the digest-pinned control image at
# /opt/kontroll. validate + the publish gate run `--check` to keep this honest with the source that gets
# baked; `gen-code-manifest.py --verify <tree>` re-checks a materialized baked tree (fail-closed on drift).
# Parallel to docker/images.lock.yml (the image-BYTE floor) + M8a (byte-identity of the promote slice).
# Values are the sha256 hex of each file (fixed algorithm; no prefix to stay line-length-clean).
schema: 1
files:
  scripts/kontroll/__init__.py: "4e32bdface251956bcf00108a7c14ec8a00f2e8dafb8174a4783aa5c3edd5cab"
  scripts/kontroll/authspec.py: "7b727a8b3b02cfc39e86ef18c58d45db8615c1f7d0fcfe5702d9b254f2b9abb8"
  scripts/kontroll/catalog.py: "5d95aec7cb1c2e5422f45b8a730d0c9fbcd915bcbf5395c7d9a270d944c9f0df"
  scripts/kontroll/endpoints.py: "9dc9d86f76ab014124b96ecb8f65b4b3266686d307e2019e2f379ef7bfa00fd1"
  scripts/kontroll/envguard.py: "b77a8846a79c38e3a88c47949c5dd04a7b9cbb66cb9357e69341a0dd80279669"
  scripts/kontroll/frontend.py: "236c96471a8598043a31c4d8f4b1df87bc819c949ee48f9ae5c1d54cce625243"
  scripts/kontroll/gitio.py: "716ce4f2d0141d2774a89db87ae32ad5d137476cb819b977334f14345bfbdd71"
  scripts/kontroll/inventory.py: "712627cd52f62d4083ed722bfa28fb9715d6181fa377b16f80888acd2cf11906"
  scripts/kontroll/paths.py: "fce47199a4ae8cab7f459ab8d110ad3213f4292f79602a09362645b2d9684313"
  scripts/kontroll/predicate.py: "80f7c3f83ab87322c344652dbcbce68a9c7f1939a46af45e0dd901c5d2f601e3"
  scripts/kontroll/probe.py: "660fb8f06195def936460b7ed52c23578c2a50f97c51ce2a97ad452454128202"
  scripts/kontroll/record.py: "f8ba062376ff27c22d0c2510ea5c5b2203c58bc9f7d406b32ddb9fe897ad9b0b"
  scripts/kontroll/service/__init__.py: "2fac2070df4fbb7c495ad0119eaa74e05ee531c3c51ed0970fb7676dbc9f6813"
  scripts/kontroll/service/_actuation_schema.py: "60549c1fbb2a7e41558562956d85f1bdf6ad2b539619674a5d4f45a1532f56b2"
  scripts/kontroll/service/_blockwrite.py: "5ed191edf32d87c1346c9e5bea34ee2b4e3cd8ca564f7384e9906026fca81761"
  scripts/kontroll/service/_diff.py: "bd3419d9792cf206408de1caa36f0a48cb7c617400345f75730b7b084c888027"
  scripts/kontroll/service/_reconfig.py: "e4ccced6a1a8bee550bf50a03d8e433848802974a529ce05c4e32cb66d49302b"
  scripts/kontroll/service/_validate.py: "878e7246530d682ab6c90efe58b90a69a473daa9ec909554b68ab41bb3cf302c"
  scripts/kontroll/service/actuation.py: "72c190f2127fb982a282cb7aa7a7a8dbfa7b357764aa33ff482971b2785964fc"
  scripts/kontroll/service/audit.py: "da38dc18c6a959e40fc93ef8b31eb2e327d435153d5f566ad12e0064fa7b9dd4"
  scripts/kontroll/service/backup.py: "7324e755eb5ecf85c498980c8a2b77c20edeb28e207d442a0b0b0e0a85c5cb46"
  scripts/kontroll/service/backups.py: "ee8a9508a59674256c2e61b066259ad9e76f65db60c3ba263353d0e8ad6e427d"
  scripts/kontroll/service/capability.py: "f2899850daab995e799b78876af72519ad3aed705c7a83e7379240c0cb381868"
  scripts/kontroll/service/capture_exception.py: "2c0d81232e49b35a27c57e44d658becfbd8fe0add58eee9ef074b8ab6d5c7acd"
  scripts/kontroll/service/classify.py: "8cf5cdd3b40514331e4c702e0ecdb501a474907056600fb9af66391117d71f76"
  scripts/kontroll/service/configurable.py: "894c5c0996618d15afeb7e74cde158bf4fdbffcbd84d26312d453f6260cc5f32"
  scripts/kontroll/service/discard.py: "2c749c72c05a7c372048cd0e37debe13602dfa98ea0842ac353ccb5c42eca208"
  scripts/kontroll/service/discovery.py: "d6e7589954d3f4135f25af70088de196e0ecd4d5ad77f385c74eb061a7a0666a"
  scripts/kontroll/service/fleet.py: "36bc1a01681d6e1a6efbe9a9d432623b2e5c516be0f4057ba8246bfdd015eada"
  scripts/kontroll/service/homepage.py: "fb78a4e36dbceb62868ef8518d73f8d1967680fe4cede384bfb617cd665590af"
  scripts/kontroll/service/hostvars.py: "5062c3471fcef6e703694232fad44a775dd5b6016b2fb01978d5ac5d963864e2"
  scripts/kontroll/service/identity.py: "8c358f8c8970b8664c20cce9416701e102e64817da24b04e6afd90ed3f81169f"
  scripts/kontroll/service/keygen.py: "a02fb2095b7705f8d394ec03cffd1ed4e334ba18045888c936956088b0a75323"
  scripts/kontroll/service/logsvc.py: "584315d19f2b79673544773c0f97d1a69e408c8ba8c124351620875abb4e150d"
  scripts/kontroll/service/observe.py: "ebbf42dda18962ff1e52e5ae85890aa9cc57cc4d8f3db656c68e6a0eebb305a3"
  scripts/kontroll/service/onboard.py: "6591bc583080af0bbae889882970a33a82c14cec112619615ac501b63f956d84"
  scripts/kontroll/service/openapi.py: "adae76208a42de4d8404a7a68be5db7c03de25870d4b68d70f3707588e710893"
  scripts/kontroll/service/pending.py: "353e06108aea74f775143d57d3e4a48941736bfd76b7963fb96fa0f95bd76a0d"
  scripts/kontroll/service/probe.py: "edf9d21c356285d99823b802e27fa8f761e7b481d154479e2e52fa2ee19a6c54"
  scripts/kontroll/service/promote.py: "45dd76dfbea0bb4d8616df3e955d6e05c1a598ca94b62c2ec103bdbb2042d296"
  scripts/kontroll/service/provenance.py: "46adc988bb6b39fce08a511e4091ecf0370ae21341f51cb517b62e694b1f98f2"
  scripts/kontroll/service/refresh.py: "6cb86d11824be7853222575347e0061191d695d49401634d79ee207da310c30a"
  scripts/kontroll/service/scaffold.py: "8823ae62186daf10fd5c5f4e1752cea4a9862a428da279919c1c2dbb03258eef"
  scripts/kontroll/service/search.py: "499024a1d0f259ef58cafa5abfcbd00a6be4ac2e4ec75dea6223d52141245d62"
  scripts/kontroll/service/secrets.py: "1b5bdf1bf1e2373fadb00429febb4343d1d3b00ba77d702062070a4233f47270"
  scripts/kontroll/service/settings.py: "32a7d8744a51a12959686e43642313e7d3012626b28580826008b436e2a4acd5"
  scripts/kontroll/service/units.py: "39edd46131c576fcf79f96a93a5667ddd2e3bb20820eb0ec4f0d1a40d9b841ba"
