---
# GENERATED/maintained by scripts/gen-image-digests.py — DO NOT hand-edit the digests.
# The image-world pin floor (report 22 §4.2): every kontroll-owned image pinned by sha256 digest (the
# tag is the human comment; the digest is authoritative, Docker-verified on pull). Recorded by
# `gen-image-digests.py --refresh` after a tagged CI publish; `digest: null` ⇒ the deploy falls back to
# the local image build (use_published_images stays off until a digest is recorded).
schema: 1
images:
  kontroll-control:
    ref: ghcr.io/netcanon/kontroll-control
    tag: "sha-97fb671"
    digest: "sha256:ce7320731bce71b753d062e8dd1f4373693b81403b343489ec549d342cdd6515"
  kontroll-installer:
    ref: ghcr.io/netcanon/kontroll-installer
    tag: "sha-97fb671"
    digest: "sha256:39f9c01f0343d46d7397825e4ebdb30672afa59e6a784d671ba76dc19f94d3f1"
  kontroll-vector:
    ref: ghcr.io/netcanon/kontroll-vector
    tag: "sha-97fb671"
    digest: "sha256:f437f14cc0c726a999d018e7e1a6a369f5d9fcb3cc7fdb217faf3307649017e5"
