---
# GENERATED/maintained by scripts/gen-image-digests.py — DO NOT hand-edit the digests.
# The image-world pin floor (report 22 §4.2): every kontroll-owned image pinned by sha256 digest (the
# tag is the human comment; the digest is authoritative, Docker-verified on pull). Recorded by
# `gen-image-digests.py --refresh` after a tagged CI publish; `digest: null` ⇒ the deploy falls back to
# the local image build (use_published_images stays off until a digest is recorded).
schema: 1
images:
  kontroll-control:
    ref: ghcr.io/netcanon/kontroll-control
    tag: "v0.1.2"
    digest: "sha256:d46ff322adcad7fd78c1db82f6320e9c01116ae27d1079f833821b2ef3541c53"
  kontroll-installer:
    ref: ghcr.io/netcanon/kontroll-installer
    tag: "v0.1.2"
    digest: "sha256:bd86477324965debd2cf88d48ae4dfacf827fe857052c2316984dcfb70b07012"
  kontroll-vector:
    ref: ghcr.io/netcanon/kontroll-vector
    tag: "v0.1.2"
    digest: "sha256:0d57edd39ab1189b2a2be225bbbea70b61e085f1911e09618bd6d60d75409fb6"
